// !$*UTF8*$!
{
	archiveVersion = 1;
	classes = {
	};
	objectVersion = 56;
	objects = {

/* Begin PBXBuildFile section */
		5D0C8BD12A091308005B65A6 /* BasketModelUITests.swift in Sources */ = {isa = PBXBuildFile; fileRef = 5D0C8BD02A091308005B65A6 /* BasketModelUITests.swift */; };
		5D0CFC5B29CDE936006F71DE /* FoodModel.swift in Sources */ = {isa = PBXBuildFile; fileRef = 5D0CFC5A29CDE936006F71DE /* FoodModel.swift */; };
		5D39BDA429BA4DFF00BC4C19 /* AppDelegate.swift in Sources */ = {isa = PBXBuildFile; fileRef = 5D39BDA329BA4DFF00BC4C19 /* AppDelegate.swift */; };
		5D39BDA629BA4DFF00BC4C19 /* SceneDelegate.swift in Sources */ = {isa = PBXBuildFile; fileRef = 5D39BDA529BA4DFF00BC4C19 /* SceneDelegate.swift */; };
		5D39BDA829BA4DFF00BC4C19 /* FoodListViewController.swift in Sources */ = {isa = PBXBuildFile; fileRef = 5D39BDA729BA4DFF00BC4C19 /* FoodListViewController.swift */; };
		5D4B9CD929D71A390077E44B /* BasketModel.swift in Sources */ = {isa = PBXBuildFile; fileRef = 5D4B9CD829D71A390077E44B /* BasketModel.swift */; };
		5D7A455B29D1D3B60080999F /* UIBezierPath+basketBezierPath.swift in Sources */ = {isa = PBXBuildFile; fileRef = 5D7A455A29D1D3B60080999F /* UIBezierPath+basketBezierPath.swift */; };
		5D7AFBFD29E05DCD00C05BED /* BasketCellViewModel.swift in Sources */ = {isa = PBXBuildFile; fileRef = 5D7AFBFC29E05DCD00C05BED /* BasketCellViewModel.swift */; };
		5D7D25E229C0D7080013D3D5 /* AttributedStrings.swift in Sources */ = {isa = PBXBuildFile; fileRef = 5D7D25E129C0D7080013D3D5 /* AttributedStrings.swift */; };
		5D7F702629BF6BAF00CCD609 /* CountStepper.swift in Sources */ = {isa = PBXBuildFile; fileRef = 5D7F702529BF6BAF00CCD609 /* CountStepper.swift */; };
		5D7F702829BF6BBA00CCD609 /* CountStepper.xib in Resources */ = {isa = PBXBuildFile; fileRef = 5D7F702729BF6BBA00CCD609 /* CountStepper.xib */; };
		5D82859C29CA02B70026DE86 /* UIView+loadNibNamed.swift in Sources */ = {isa = PBXBuildFile; fileRef = 5D82859B29CA02B70026DE86 /* UIView+loadNibNamed.swift */; };
		5D82859E29CA0D350026DE86 /* UIView+blurBackgroundImage.swift in Sources */ = {isa = PBXBuildFile; fileRef = 5D82859D29CA0D350026DE86 /* UIView+blurBackgroundImage.swift */; };
		5D84953929BD1A1F00D2B683 /* UIButton.Configuration.swift in Sources */ = {isa = PBXBuildFile; fileRef = 5D84953829BD1A1F00D2B683 /* UIButton.Configuration.swift */; };
		5D84953C29BD1D9000D2B683 /* BasketListViewController.swift in Sources */ = {isa = PBXBuildFile; fileRef = 5D84953B29BD1D9000D2B683 /* BasketListViewController.swift */; };
		5D84953E29BD20AF00D2B683 /* BasketItem.swift in Sources */ = {isa = PBXBuildFile; fileRef = 5D84953D29BD20AF00D2B683 /* BasketItem.swift */; };
		5D84954029BD20FD00D2B683 /* Item.swift in Sources */ = {isa = PBXBuildFile; fileRef = 5D84953F29BD20FD00D2B683 /* Item.swift */; };
		5D8F2D9F29BE1E030008AC15 /* BasketCell.swift in Sources */ = {isa = PBXBuildFile; fileRef = 5D8F2D9D29BE1E030008AC15 /* BasketCell.swift */; };
		5D8F2DA029BE1E030008AC15 /* BasketCell.xib in Resources */ = {isa = PBXBuildFile; fileRef = 5D8F2D9E29BE1E030008AC15 /* BasketCell.xib */; };
		5D8F2DA429BE56F40008AC15 /* FoodAddRect.swift in Sources */ = {isa = PBXBuildFile; fileRef = 5D8F2DA329BE56F40008AC15 /* FoodAddRect.swift */; };
		5D8F2DA629BE57050008AC15 /* FoodAddRect.xib in Resources */ = {isa = PBXBuildFile; fileRef = 5D8F2DA529BE57050008AC15 /* FoodAddRect.xib */; };
		5D8F2DA829BE58E80008AC15 /* FoodAddViewController.swift in Sources */ = {isa = PBXBuildFile; fileRef = 5D8F2DA729BE58E80008AC15 /* FoodAddViewController.swift */; };
		5D8F389B29D2F092003AA506 /* FruitsData.json in Resources */ = {isa = PBXBuildFile; fileRef = 5D8F389829D2F092003AA506 /* FruitsData.json */; };
		5D8F389C29D2F092003AA506 /* VegetablesData.json in Resources */ = {isa = PBXBuildFile; fileRef = 5D8F389929D2F092003AA506 /* VegetablesData.json */; };
		5D8F389D29D2F092003AA506 /* BerriesData.json in Resources */ = {isa = PBXBuildFile; fileRef = 5D8F389A29D2F092003AA506 /* BerriesData.json */; };
		5D8F38A029D3111E003AA506 /* JsonDataLoader.swift in Sources */ = {isa = PBXBuildFile; fileRef = 5D8F389F29D3111E003AA506 /* JsonDataLoader.swift */; };
		5D8F38A329D33E02003AA506 /* DataLoader.swift in Sources */ = {isa = PBXBuildFile; fileRef = 5D8F38A229D33E02003AA506 /* DataLoader.swift */; };
		5D8F7D3929DD89EC00E77370 /* EmptyBasketView.swift in Sources */ = {isa = PBXBuildFile; fileRef = 5D8F7D3829DD89EC00E77370 /* EmptyBasketView.swift */; };
		5D8F7D3B29DDA98600E77370 /* EmptyBasketView.xib in Resources */ = {isa = PBXBuildFile; fileRef = 5D8F7D3A29DDA98500E77370 /* EmptyBasketView.xib */; };
		5D92F45229C8A1A200BC218A /* UIImage+imageFromBezierPath.swift in Sources */ = {isa = PBXBuildFile; fileRef = 5D92F45129C8A1A200BC218A /* UIImage+imageFromBezierPath.swift */; };
		5D96426F29BCB83E008BAE3A /* ItemCollectionCell.swift in Sources */ = {isa = PBXBuildFile; fileRef = 5D96426D29BCB83E008BAE3A /* ItemCollectionCell.swift */; };
		5D96427029BCB83E008BAE3A /* ItemCollectionCell.xib in Resources */ = {isa = PBXBuildFile; fileRef = 5D96426E29BCB83E008BAE3A /* ItemCollectionCell.xib */; };
		5D9D99EE2A03C4D5009BEB4C /* BasketModelTests.swift in Sources */ = {isa = PBXBuildFile; fileRef = 5D9D99ED2A03C4D5009BEB4C /* BasketModelTests.swift */; };
		5D9F19EF29C203730046919F /* Launch Screen.storyboard in Resources */ = {isa = PBXBuildFile; fileRef = 5D9F19EE29C203730046919F /* Launch Screen.storyboard */; };
		5D9F19F129C20FC00046919F /* Main.storyboard in Resources */ = {isa = PBXBuildFile; fileRef = 5D9F19F029C20FC00046919F /* Main.storyboard */; };
		5D9F19F329C210D90046919F /* Assets.xcassets in Resources */ = {isa = PBXBuildFile; fileRef = 5D9F19F229C210D90046919F /* Assets.xcassets */; };
		5DB1E9C729BB7E7A00585348 /* Color.swift in Sources */ = {isa = PBXBuildFile; fileRef = 5DB1E9C629BB7E7A00585348 /* Color.swift */; };
		5DB1E9CA29BB8F1E00585348 /* GroupTab.swift in Sources */ = {isa = PBXBuildFile; fileRef = 5DB1E9C829BB8F1E00585348 /* GroupTab.swift */; };
		5DB1E9CD29BB91B400585348 /* GroupTab.xib in Resources */ = {isa = PBXBuildFile; fileRef = 5DB1E9CC29BB91B400585348 /* GroupTab.xib */; };
/* End PBXBuildFile section */

/* Begin PBXContainerItemProxy section */
		5D0C8BD42A091308005B65A6 /* PBXContainerItemProxy */ = {
			isa = PBXContainerItemProxy;
			containerPortal = 5D39BD9829BA4DFF00BC4C19 /* Project object */;
			proxyType = 1;
			remoteGlobalIDString = 5D39BD9F29BA4DFF00BC4C19;
			remoteInfo = ShopListKit;
		};
		5D9D99E82A03C478009BEB4C /* PBXContainerItemProxy */ = {
			isa = PBXContainerItemProxy;
			containerPortal = 5D39BD9829BA4DFF00BC4C19 /* Project object */;
			proxyType = 1;
			remoteGlobalIDString = 5D39BD9F29BA4DFF00BC4C19;
			remoteInfo = ShopListKit;
		};
/* End PBXContainerItemProxy section */

/* Begin PBXFileReference section */
		5D0C8BCE2A091308005B65A6 /* ShopListKitUITests.xctest */ = {isa = PBXFileReference; explicitFileType = wrapper.cfbundle; includeInIndex = 0; path = ShopListKitUITests.xctest; sourceTree = BUILT_PRODUCTS_DIR; };
		5D0C8BD02A091308005B65A6 /* BasketModelUITests.swift */ = {isa = PBXFileReference; lastKnownFileType = sourcecode.swift; path = BasketModelUITests.swift; sourceTree = "<group>"; };
		5D0CFC5A29CDE936006F71DE /* FoodModel.swift */ = {isa = PBXFileReference; lastKnownFileType = sourcecode.swift; path = FoodModel.swift; sourceTree = "<group>"; };
		5D39BDA029BA4DFF00BC4C19 /* ShopListKit.app */ = {isa = PBXFileReference; explicitFileType = wrapper.application; includeInIndex = 0; path = ShopListKit.app; sourceTree = BUILT_PRODUCTS_DIR; };
		5D39BDA329BA4DFF00BC4C19 /* AppDelegate.swift */ = {isa = PBXFileReference; lastKnownFileType = sourcecode.swift; path = AppDelegate.swift; sourceTree = "<group>"; };
		5D39BDA529BA4DFF00BC4C19 /* SceneDelegate.swift */ = {isa = PBXFileReference; lastKnownFileType = sourcecode.swift; path = SceneDelegate.swift; sourceTree = "<group>"; };
		5D39BDA729BA4DFF00BC4C19 /* FoodListViewController.swift */ = {isa = PBXFileReference; lastKnownFileType = sourcecode.swift; path = FoodListViewController.swift; sourceTree = "<group>"; };
		5D39BDB129BA4E0200BC4C19 /* Info.plist */ = {isa = PBXFileReference; lastKnownFileType = text.plist.xml; path = Info.plist; sourceTree = "<group>"; };
		5D4B9CD829D71A390077E44B /* BasketModel.swift */ = {isa = PBXFileReference; lastKnownFileType = sourcecode.swift; path = BasketModel.swift; sourceTree = "<group>"; };
		5D7A455A29D1D3B60080999F /* UIBezierPath+basketBezierPath.swift */ = {isa = PBXFileReference; lastKnownFileType = sourcecode.swift; path = "UIBezierPath+basketBezierPath.swift"; sourceTree = "<group>"; };
		5D7AFBFC29E05DCD00C05BED /* BasketCellViewModel.swift */ = {isa = PBXFileReference; lastKnownFileType = sourcecode.swift; path = BasketCellViewModel.swift; sourceTree = "<group>"; };
		5D7D25E129C0D7080013D3D5 /* AttributedStrings.swift */ = {isa = PBXFileReference; lastKnownFileType = sourcecode.swift; path = AttributedStrings.swift; sourceTree = "<group>"; };
		5D7F702529BF6BAF00CCD609 /* CountStepper.swift */ = {isa = PBXFileReference; lastKnownFileType = sourcecode.swift; path = CountStepper.swift; sourceTree = "<group>"; };
		5D7F702729BF6BBA00CCD609 /* CountStepper.xib */ = {isa = PBXFileReference; lastKnownFileType = file.xib; path = CountStepper.xib; sourceTree = "<group>"; };
		5D82859B29CA02B70026DE86 /* UIView+loadNibNamed.swift */ = {isa = PBXFileReference; lastKnownFileType = sourcecode.swift; path = "UIView+loadNibNamed.swift"; sourceTree = "<group>"; };
		5D82859D29CA0D350026DE86 /* UIView+blurBackgroundImage.swift */ = {isa = PBXFileReference; lastKnownFileType = sourcecode.swift; path = "UIView+blurBackgroundImage.swift"; sourceTree = "<group>"; };
		5D84953829BD1A1F00D2B683 /* UIButton.Configuration.swift */ = {isa = PBXFileReference; lastKnownFileType = sourcecode.swift; path = UIButton.Configuration.swift; sourceTree = "<group>"; };
		5D84953B29BD1D9000D2B683 /* BasketListViewController.swift */ = {isa = PBXFileReference; lastKnownFileType = sourcecode.swift; path = BasketListViewController.swift; sourceTree = "<group>"; };
		5D84953D29BD20AF00D2B683 /* BasketItem.swift */ = {isa = PBXFileReference; lastKnownFileType = sourcecode.swift; path = BasketItem.swift; sourceTree = "<group>"; };
		5D84953F29BD20FD00D2B683 /* Item.swift */ = {isa = PBXFileReference; lastKnownFileType = sourcecode.swift; path = Item.swift; sourceTree = "<group>"; };
		5D8F2D9D29BE1E030008AC15 /* BasketCell.swift */ = {isa = PBXFileReference; lastKnownFileType = sourcecode.swift; path = BasketCell.swift; sourceTree = "<group>"; };
		5D8F2D9E29BE1E030008AC15 /* BasketCell.xib */ = {isa = PBXFileReference; lastKnownFileType = file.xib; path = BasketCell.xib; sourceTree = "<group>"; };
		5D8F2DA329BE56F40008AC15 /* FoodAddRect.swift */ = {isa = PBXFileReference; lastKnownFileType = sourcecode.swift; path = FoodAddRect.swift; sourceTree = "<group>"; };
		5D8F2DA529BE57050008AC15 /* FoodAddRect.xib */ = {isa = PBXFileReference; lastKnownFileType = file.xib; path = FoodAddRect.xib; sourceTree = "<group>"; };
		5D8F2DA729BE58E80008AC15 /* FoodAddViewController.swift */ = {isa = PBXFileReference; lastKnownFileType = sourcecode.swift; path = FoodAddViewController.swift; sourceTree = "<group>"; };
		5D8F389829D2F092003AA506 /* FruitsData.json */ = {isa = PBXFileReference; fileEncoding = 4; lastKnownFileType = text.json; path = FruitsData.json; sourceTree = "<group>"; };
		5D8F389929D2F092003AA506 /* VegetablesData.json */ = {isa = PBXFileReference; fileEncoding = 4; lastKnownFileType = text.json; path = VegetablesData.json; sourceTree = "<group>"; };
		5D8F389A29D2F092003AA506 /* BerriesData.json */ = {isa = PBXFileReference; fileEncoding = 4; lastKnownFileType = text.json; path = BerriesData.json; sourceTree = "<group>"; };
		5D8F389F29D3111E003AA506 /* JsonDataLoader.swift */ = {isa = PBXFileReference; lastKnownFileType = sourcecode.swift; path = JsonDataLoader.swift; sourceTree = "<group>"; };
		5D8F38A229D33E02003AA506 /* DataLoader.swift */ = {isa = PBXFileReference; lastKnownFileType = sourcecode.swift; path = DataLoader.swift; sourceTree = "<group>"; };
		5D8F7D3829DD89EC00E77370 /* EmptyBasketView.swift */ = {isa = PBXFileReference; lastKnownFileType = sourcecode.swift; path = EmptyBasketView.swift; sourceTree = "<group>"; };
		5D8F7D3A29DDA98500E77370 /* EmptyBasketView.xib */ = {isa = PBXFileReference; fileEncoding = 4; lastKnownFileType = file.xib; path = EmptyBasketView.xib; sourceTree = "<group>"; };
		5D92F45129C8A1A200BC218A /* UIImage+imageFromBezierPath.swift */ = {isa = PBXFileReference; lastKnownFileType = sourcecode.swift; path = "UIImage+imageFromBezierPath.swift"; sourceTree = "<group>"; };
		5D96426D29BCB83E008BAE3A /* ItemCollectionCell.swift */ = {isa = PBXFileReference; lastKnownFileType = sourcecode.swift; path = ItemCollectionCell.swift; sourceTree = "<group>"; };
		5D96426E29BCB83E008BAE3A /* ItemCollectionCell.xib */ = {isa = PBXFileReference; lastKnownFileType = file.xib; path = ItemCollectionCell.xib; sourceTree = "<group>"; };
		5D9D99E42A03C478009BEB4C /* ShopListKitTests.xctest */ = {isa = PBXFileReference; explicitFileType = wrapper.cfbundle; includeInIndex = 0; path = ShopListKitTests.xctest; sourceTree = BUILT_PRODUCTS_DIR; };
		5D9D99ED2A03C4D5009BEB4C /* BasketModelTests.swift */ = {isa = PBXFileReference; fileEncoding = 4; lastKnownFileType = sourcecode.swift; path = BasketModelTests.swift; sourceTree = "<group>"; };
		5D9F19EE29C203730046919F /* Launch Screen.storyboard */ = {isa = PBXFileReference; lastKnownFileType = file.storyboard; path = "Launch Screen.storyboard"; sourceTree = "<group>"; };
		5D9F19F029C20FC00046919F /* Main.storyboard */ = {isa = PBXFileReference; fileEncoding = 4; lastKnownFileType = file.storyboard; path = Main.storyboard; sourceTree = "<group>"; };
		5D9F19F229C210D90046919F /* Assets.xcassets */ = {isa = PBXFileReference; lastKnownFileType = folder.assetcatalog; path = Assets.xcassets; sourceTree = "<group>"; };
		5DB1E9C629BB7E7A00585348 /* Color.swift */ = {isa = PBXFileReference; lastKnownFileType = sourcecode.swift; path = Color.swift; sourceTree = "<group>"; };
		5DB1E9C829BB8F1E00585348 /* GroupTab.swift */ = {isa = PBXFileReference; lastKnownFileType = sourcecode.swift; path = GroupTab.swift; sourceTree = "<group>"; };
		5DB1E9CC29BB91B400585348 /* GroupTab.xib */ = {isa = PBXFileReference; lastKnownFileType = file.xib; path = GroupTab.xib; sourceTree = "<group>"; };
/* End PBXFileReference section */

/* Begin PBXFrameworksBuildPhase section */
		5D0C8BCB2A091308005B65A6 /* Frameworks */ = {
			isa = PBXFrameworksBuildPhase;
			buildActionMask = 2147483647;
			files = (
			);
			runOnlyForDeploymentPostprocessing = 0;
		};
		5D39BD9D29BA4DFF00BC4C19 /* Frameworks */ = {
			isa = PBXFrameworksBuildPhase;
			buildActionMask = 2147483647;
			files = (
			);
			runOnlyForDeploymentPostprocessing = 0;
		};
		5D9D99E12A03C478009BEB4C /* Frameworks */ = {
			isa = PBXFrameworksBuildPhase;
			buildActionMask = 2147483647;
			files = (
			);
			runOnlyForDeploymentPostprocessing = 0;
		};
/* End PBXFrameworksBuildPhase section */

/* Begin PBXGroup section */
		5D0C8BCF2A091308005B65A6 /* ShopListKitUITests */ = {
			isa = PBXGroup;
			children = (
				5D0C8BD02A091308005B65A6 /* BasketModelUITests.swift */,
			);
			path = ShopListKitUITests;
			sourceTree = "<group>";
		};
		5D39BD9729BA4DFF00BC4C19 = {
			isa = PBXGroup;
			children = (
				5D39BDA129BA4DFF00BC4C19 /* Products */,
				5D39BDA229BA4DFF00BC4C19 /* ShopListKit */,
				5D9D99E52A03C478009BEB4C /* ShopListKitTests */,
				5D0C8BCF2A091308005B65A6 /* ShopListKitUITests */,
			);
			sourceTree = "<group>";
		};
		5D39BDA129BA4DFF00BC4C19 /* Products */ = {
			isa = PBXGroup;
			children = (
				5D39BDA029BA4DFF00BC4C19 /* ShopListKit.app */,
				5D9D99E42A03C478009BEB4C /* ShopListKitTests.xctest */,
				5D0C8BCE2A091308005B65A6 /* ShopListKitUITests.xctest */,
			);
			name = Products;
			sourceTree = "<group>";
		};
		5D39BDA229BA4DFF00BC4C19 /* ShopListKit */ = {
			isa = PBXGroup;
			children = (
				5D39BDB129BA4E0200BC4C19 /* Info.plist */,
				5D9F19EE29C203730046919F /* Launch Screen.storyboard */,
				5D9F19F029C20FC00046919F /* Main.storyboard */,
				5D39BDA329BA4DFF00BC4C19 /* AppDelegate.swift */,
				5D39BDA529BA4DFF00BC4C19 /* SceneDelegate.swift */,
				5D84953A29BD1D4800D2B683 /* Basket List */,
				5DB1E9C529BB7E6C00585348 /* Extension */,
				5D8F2DA129BE56290008AC15 /* Food Add */,
				5D39BDB729BA534600BC4C19 /* Food List */,
				5D84953729BD1A0800D2B683 /* Helpers */,
				5D8F38A129D320D3003AA506 /* Shared */,
				5D9F19EB29C1FE040046919F /* Supporting Files */,
			);
			path = ShopListKit;
			sourceTree = "<group>";
		};
		5D39BDB729BA534600BC4C19 /* Food List */ = {
			isa = PBXGroup;
			children = (
				5D7D25E429C0DC510013D3D5 /* Feature */,
				5D8F389E29D310C4003AA506 /* Persistence */,
				5D94445929BB4DA400FBB319 /* Presentation */,
				5D8F389729D2F06A003AA506 /* Resources */,
			);
			path = "Food List";
			sourceTree = "<group>";
		};
		5D7D25E429C0DC510013D3D5 /* Feature */ = {
			isa = PBXGroup;
			children = (
				5D84953F29BD20FD00D2B683 /* Item.swift */,
			);
			path = Feature;
			sourceTree = "<group>";
		};
		5D84953729BD1A0800D2B683 /* Helpers */ = {
			isa = PBXGroup;
			children = (
				5D7D25E129C0D7080013D3D5 /* AttributedStrings.swift */,
				5D7A455A29D1D3B60080999F /* UIBezierPath+basketBezierPath.swift */,
				5D84953829BD1A1F00D2B683 /* UIButton.Configuration.swift */,
				5D92F45129C8A1A200BC218A /* UIImage+imageFromBezierPath.swift */,
			);
			path = Helpers;
			sourceTree = "<group>";
		};
		5D84953A29BD1D4800D2B683 /* Basket List */ = {
			isa = PBXGroup;
			children = (
				5D9D543029C0AC7800B4B2BD /* Feature */,
				5D8F2D9C29BDE0120008AC15 /* Presentation */,
			);
			path = "Basket List";
			sourceTree = "<group>";
		};
		5D8F2D9C29BDE0120008AC15 /* Presentation */ = {
			isa = PBXGroup;
			children = (
				5D8F2D9D29BE1E030008AC15 /* BasketCell.swift */,
				5D84953B29BD1D9000D2B683 /* BasketListViewController.swift */,
				5D8F7D3829DD89EC00E77370 /* EmptyBasketView.swift */,
				5D8F2D9E29BE1E030008AC15 /* BasketCell.xib */,
				5D8F7D3A29DDA98500E77370 /* EmptyBasketView.xib */,
			);
			path = Presentation;
			sourceTree = "<group>";
		};
		5D8F2DA129BE56290008AC15 /* Food Add */ = {
			isa = PBXGroup;
			children = (
				5D92F45029C8A17A00BC218A /* Helpers */,
				5D8F2DA229BE565A0008AC15 /* Presentation */,
			);
			path = "Food Add";
			sourceTree = "<group>";
		};
		5D8F2DA229BE565A0008AC15 /* Presentation */ = {
			isa = PBXGroup;
			children = (
				5D7F702529BF6BAF00CCD609 /* CountStepper.swift */,
				5D8F2DA329BE56F40008AC15 /* FoodAddRect.swift */,
				5D8F2DA729BE58E80008AC15 /* FoodAddViewController.swift */,
				5D7F702729BF6BBA00CCD609 /* CountStepper.xib */,
				5D8F2DA529BE57050008AC15 /* FoodAddRect.xib */,
			);
			path = Presentation;
			sourceTree = "<group>";
		};
		5D8F389729D2F06A003AA506 /* Resources */ = {
			isa = PBXGroup;
			children = (
				5D8F389A29D2F092003AA506 /* BerriesData.json */,
				5D8F389829D2F092003AA506 /* FruitsData.json */,
				5D8F389929D2F092003AA506 /* VegetablesData.json */,
			);
			path = Resources;
			sourceTree = "<group>";
		};
		5D8F389E29D310C4003AA506 /* Persistence */ = {
			isa = PBXGroup;
			children = (
				5D8F38A229D33E02003AA506 /* DataLoader.swift */,
				5D8F389F29D3111E003AA506 /* JsonDataLoader.swift */,
			);
			path = Persistence;
			sourceTree = "<group>";
		};
		5D8F38A129D320D3003AA506 /* Shared */ = {
			isa = PBXGroup;
			children = (
				5D0CFC5A29CDE936006F71DE /* FoodModel.swift */,
			);
			path = Shared;
			sourceTree = "<group>";
		};
		5D92F45029C8A17A00BC218A /* Helpers */ = {
			isa = PBXGroup;
			children = (
				5D82859D29CA0D350026DE86 /* UIView+blurBackgroundImage.swift */,
				5D82859B29CA02B70026DE86 /* UIView+loadNibNamed.swift */,
			);
			path = Helpers;
			sourceTree = "<group>";
		};
		5D94445929BB4DA400FBB319 /* Presentation */ = {
			isa = PBXGroup;
			children = (
				5D39BDA729BA4DFF00BC4C19 /* FoodListViewController.swift */,
				5DB1E9C829BB8F1E00585348 /* GroupTab.swift */,
				5D96426D29BCB83E008BAE3A /* ItemCollectionCell.swift */,
				5DB1E9CC29BB91B400585348 /* GroupTab.xib */,
				5D96426E29BCB83E008BAE3A /* ItemCollectionCell.xib */,
			);
			path = Presentation;
			sourceTree = "<group>";
		};
		5D9D543029C0AC7800B4B2BD /* Feature */ = {
			isa = PBXGroup;
			children = (
				5D84953D29BD20AF00D2B683 /* BasketItem.swift */,
				5D4B9CD829D71A390077E44B /* BasketModel.swift */,
				5D7AFBFC29E05DCD00C05BED /* BasketCellViewModel.swift */,
			);
			path = Feature;
			sourceTree = "<group>";
		};
		5D9D99E52A03C478009BEB4C /* ShopListKitTests */ = {
			isa = PBXGroup;
			children = (
				5D9D99ED2A03C4D5009BEB4C /* BasketModelTests.swift */,
			);
			path = ShopListKitTests;
			sourceTree = "<group>";
		};
		5D9F19EB29C1FE040046919F /* Supporting Files */ = {
			isa = PBXGroup;
			children = (
				5D9F19F229C210D90046919F /* Assets.xcassets */,
			);
			path = "Supporting Files";
			sourceTree = "<group>";
		};
		5DB1E9C529BB7E6C00585348 /* Extension */ = {
			isa = PBXGroup;
			children = (
				5DB1E9C629BB7E7A00585348 /* Color.swift */,
			);
			path = Extension;
			sourceTree = "<group>";
		};
/* End PBXGroup section */

/* Begin PBXNativeTarget section */
		5D0C8BCD2A091308005B65A6 /* ShopListKitUITests */ = {
			isa = PBXNativeTarget;
			buildConfigurationList = 5D0C8BD82A091309005B65A6 /* Build configuration list for PBXNativeTarget "ShopListKitUITests" */;
			buildPhases = (
				5D0C8BCA2A091308005B65A6 /* Sources */,
				5D0C8BCB2A091308005B65A6 /* Frameworks */,
				5D0C8BCC2A091308005B65A6 /* Resources */,
			);
			buildRules = (
			);
			dependencies = (
				5D0C8BD52A091308005B65A6 /* PBXTargetDependency */,
			);
			name = ShopListKitUITests;
			productName = ShopListKitUITests;
			productReference = 5D0C8BCE2A091308005B65A6 /* ShopListKitUITests.xctest */;
			productType = "com.apple.product-type.bundle.ui-testing";
		};
		5D39BD9F29BA4DFF00BC4C19 /* ShopListKit */ = {
			isa = PBXNativeTarget;
			buildConfigurationList = 5D39BDB429BA4E0200BC4C19 /* Build configuration list for PBXNativeTarget "ShopListKit" */;
			buildPhases = (
				5D39BD9C29BA4DFF00BC4C19 /* Sources */,
				5D39BD9D29BA4DFF00BC4C19 /* Frameworks */,
				5D39BD9E29BA4DFF00BC4C19 /* Resources */,
			);
			buildRules = (
			);
			dependencies = (
			);
			name = ShopListKit;
			productName = ShopListKit;
			productReference = 5D39BDA029BA4DFF00BC4C19 /* ShopListKit.app */;
			productType = "com.apple.product-type.application";
		};
		5D9D99E32A03C478009BEB4C /* ShopListKitTests */ = {
			isa = PBXNativeTarget;
			buildConfigurationList = 5D9D99EC2A03C478009BEB4C /* Build configuration list for PBXNativeTarget "ShopListKitTests" */;
			buildPhases = (
				5D9D99E02A03C478009BEB4C /* Sources */,
				5D9D99E12A03C478009BEB4C /* Frameworks */,
				5D9D99E22A03C478009BEB4C /* Resources */,
			);
			buildRules = (
			);
			dependencies = (
				5D9D99E92A03C478009BEB4C /* PBXTargetDependency */,
			);
			name = ShopListKitTests;
			productName = ShopListKitTests;
			productReference = 5D9D99E42A03C478009BEB4C /* ShopListKitTests.xctest */;
			productType = "com.apple.product-type.bundle.unit-test";
		};
/* End PBXNativeTarget section */

/* Begin PBXProject section */
		5D39BD9829BA4DFF00BC4C19 /* Project object */ = {
			isa = PBXProject;
			attributes = {
				BuildIndependentTargetsInParallel = 1;
				LastSwiftUpdateCheck = 1430;
				LastUpgradeCheck = 1420;
				ORGANIZATIONNAME = "Anastasia Ivashchenko";
				TargetAttributes = {
					5D0C8BCD2A091308005B65A6 = {
						CreatedOnToolsVersion = 14.3;
						TestTargetID = 5D39BD9F29BA4DFF00BC4C19;
					};
					5D39BD9F29BA4DFF00BC4C19 = {
						CreatedOnToolsVersion = 14.2;
					};
					5D9D99E32A03C478009BEB4C = {
						CreatedOnToolsVersion = 14.3;
						TestTargetID = 5D39BD9F29BA4DFF00BC4C19;
					};
				};
			};
			buildConfigurationList = 5D39BD9B29BA4DFF00BC4C19 /* Build configuration list for PBXProject "ShopListKit" */;
			compatibilityVersion = "Xcode 14.0";
			developmentRegion = en;
			hasScannedForEncodings = 0;
			knownRegions = (
				en,
				Base,
			);
			mainGroup = 5D39BD9729BA4DFF00BC4C19;
			productRefGroup = 5D39BDA129BA4DFF00BC4C19 /* Products */;
			projectDirPath = "";
			projectRoot = "";
			targets = (
				5D39BD9F29BA4DFF00BC4C19 /* ShopListKit */,
				5D9D99E32A03C478009BEB4C /* ShopListKitTests */,
				5D0C8BCD2A091308005B65A6 /* ShopListKitUITests */,
			);
		};
/* End PBXProject section */

/* Begin PBXResourcesBuildPhase section */
		5D0C8BCC2A091308005B65A6 /* Resources */ = {
			isa = PBXResourcesBuildPhase;
			buildActionMask = 2147483647;
			files = (
			);
			runOnlyForDeploymentPostprocessing = 0;
		};
		5D39BD9E29BA4DFF00BC4C19 /* Resources */ = {
			isa = PBXResourcesBuildPhase;
			buildActionMask = 2147483647;
			files = (
				5D8F7D3B29DDA98600E77370 /* EmptyBasketView.xib in Resources */,
				5D8F389D29D2F092003AA506 /* BerriesData.json in Resources */,
				5D8F389C29D2F092003AA506 /* VegetablesData.json in Resources */,
				5D9F19EF29C203730046919F /* Launch Screen.storyboard in Resources */,
				5D7F702829BF6BBA00CCD609 /* CountStepper.xib in Resources */,
				5D8F389B29D2F092003AA506 /* FruitsData.json in Resources */,
				5D8F2DA029BE1E030008AC15 /* BasketCell.xib in Resources */,
				5D9F19F129C20FC00046919F /* Main.storyboard in Resources */,
				5DB1E9CD29BB91B400585348 /* GroupTab.xib in Resources */,
				5D96427029BCB83E008BAE3A /* ItemCollectionCell.xib in Resources */,
				5D9F19F329C210D90046919F /* Assets.xcassets in Resources */,
				5D8F2DA629BE57050008AC15 /* FoodAddRect.xib in Resources */,
			);
			runOnlyForDeploymentPostprocessing = 0;
		};
		5D9D99E22A03C478009BEB4C /* Resources */ = {
			isa = PBXResourcesBuildPhase;
			buildActionMask = 2147483647;
			files = (
			);
			runOnlyForDeploymentPostprocessing = 0;
		};
/* End PBXResourcesBuildPhase section */

/* Begin PBXSourcesBuildPhase section */
		5D0C8BCA2A091308005B65A6 /* Sources */ = {
			isa = PBXSourcesBuildPhase;
			buildActionMask = 2147483647;
			files = (
				5D0C8BD12A091308005B65A6 /* BasketModelUITests.swift in Sources */,
			);
			runOnlyForDeploymentPostprocessing = 0;
		};
		5D39BD9C29BA4DFF00BC4C19 /* Sources */ = {
			isa = PBXSourcesBuildPhase;
			buildActionMask = 2147483647;
			files = (
				5D8F38A329D33E02003AA506 /* DataLoader.swift in Sources */,
				5D84954029BD20FD00D2B683 /* Item.swift in Sources */,
				5D7F702629BF6BAF00CCD609 /* CountStepper.swift in Sources */,
				5D39BDA829BA4DFF00BC4C19 /* FoodListViewController.swift in Sources */,
				5D8F7D3929DD89EC00E77370 /* EmptyBasketView.swift in Sources */,
				5DB1E9C729BB7E7A00585348 /* Color.swift in Sources */,
				5D82859E29CA0D350026DE86 /* UIView+blurBackgroundImage.swift in Sources */,
				5D8F2DA429BE56F40008AC15 /* FoodAddRect.swift in Sources */,
				5D8F2DA829BE58E80008AC15 /* FoodAddViewController.swift in Sources */,
				5D7AFBFD29E05DCD00C05BED /* BasketCellViewModel.swift in Sources */,
				5D84953E29BD20AF00D2B683 /* BasketItem.swift in Sources */,
				5D82859C29CA02B70026DE86 /* UIView+loadNibNamed.swift in Sources */,
				5D0CFC5B29CDE936006F71DE /* FoodModel.swift in Sources */,
				5DB1E9CA29BB8F1E00585348 /* GroupTab.swift in Sources */,
				5D84953929BD1A1F00D2B683 /* UIButton.Configuration.swift in Sources */,
				5D39BDA429BA4DFF00BC4C19 /* AppDelegate.swift in Sources */,
				5D7A455B29D1D3B60080999F /* UIBezierPath+basketBezierPath.swift in Sources */,
				5D8F2D9F29BE1E030008AC15 /* BasketCell.swift in Sources */,
				5D8F38A029D3111E003AA506 /* JsonDataLoader.swift in Sources */,
				5D92F45229C8A1A200BC218A /* UIImage+imageFromBezierPath.swift in Sources */,
				5D4B9CD929D71A390077E44B /* BasketModel.swift in Sources */,
				5D39BDA629BA4DFF00BC4C19 /* SceneDelegate.swift in Sources */,
				5D84953C29BD1D9000D2B683 /* BasketListViewController.swift in Sources */,
				5D96426F29BCB83E008BAE3A /* ItemCollectionCell.swift in Sources */,
				5D7D25E229C0D7080013D3D5 /* AttributedStrings.swift in Sources */,
			);
			runOnlyForDeploymentPostprocessing = 0;
		};
		5D9D99E02A03C478009BEB4C /* Sources */ = {
			isa = PBXSourcesBuildPhase;
			buildActionMask = 2147483647;
			files = (
				5D9D99EE2A03C4D5009BEB4C /* BasketModelTests.swift in Sources */,
			);
			runOnlyForDeploymentPostprocessing = 0;
		};
/* End PBXSourcesBuildPhase section */

/* Begin PBXTargetDependency section */
		5D0C8BD52A091308005B65A6 /* PBXTargetDependency */ = {
			isa = PBXTargetDependency;
			target = 5D39BD9F29BA4DFF00BC4C19 /* ShopListKit */;
			targetProxy = 5D0C8BD42A091308005B65A6 /* PBXContainerItemProxy */;
		};
		5D9D99E92A03C478009BEB4C /* PBXTargetDependency */ = {
			isa = PBXTargetDependency;
			target = 5D39BD9F29BA4DFF00BC4C19 /* ShopListKit */;
			targetProxy = 5D9D99E82A03C478009BEB4C /* PBXContainerItemProxy */;
		};
/* End PBXTargetDependency section */

/* Begin XCBuildConfiguration section */
		5D0C8BD62A091309005B65A6 /* Debug */ = {
			isa = XCBuildConfiguration;
			buildSettings = {
				CODE_SIGN_STYLE = Automatic;
				CURRENT_PROJECT_VERSION = 1;
				DEVELOPMENT_TEAM = CCD7NJ92C7;
				GENERATE_INFOPLIST_FILE = YES;
				IPHONEOS_DEPLOYMENT_TARGET = 16.4;
				MARKETING_VERSION = 1.0;
				PRODUCT_BUNDLE_IDENTIFIER = aivashchenko.ShopListKitUITests;
				PRODUCT_NAME = "$(TARGET_NAME)";
				SWIFT_EMIT_LOC_STRINGS = NO;
				SWIFT_VERSION = 5.0;
				TARGETED_DEVICE_FAMILY = "1,2";
				TEST_TARGET_NAME = ShopListKit;
			};
			name = Debug;
		};
		5D0C8BD72A091309005B65A6 /* Release */ = {
			isa = XCBuildConfiguration;
			buildSettings = {
				CODE_SIGN_STYLE = Automatic;
				CURRENT_PROJECT_VERSION = 1;
				DEVELOPMENT_TEAM = CCD7NJ92C7;
				GENERATE_INFOPLIST_FILE = YES;
				IPHONEOS_DEPLOYMENT_TARGET = 16.4;
				MARKETING_VERSION = 1.0;
				PRODUCT_BUNDLE_IDENTIFIER = aivashchenko.ShopListKitUITests;
				PRODUCT_NAME = "$(TARGET_NAME)";
				SWIFT_EMIT_LOC_STRINGS = NO;
				SWIFT_VERSION = 5.0;
				TARGETED_DEVICE_FAMILY = "1,2";
				TEST_TARGET_NAME = ShopListKit;
			};
			name = Release;
		};
		5D39BDB229BA4E0200BC4C19 /* Debug */ = {
			isa = XCBuildConfiguration;
			buildSettings = {
				ALWAYS_SEARCH_USER_PATHS = NO;
				CLANG_ANALYZER_NONNULL = YES;
				CLANG_ANALYZER_NUMBER_OBJECT_CONVERSION = YES_AGGRESSIVE;
				CLANG_CXX_LANGUAGE_STANDARD = "gnu++20";
				CLANG_ENABLE_MODULES = YES;
				CLANG_ENABLE_OBJC_ARC = YES;
				CLANG_ENABLE_OBJC_WEAK = YES;
				CLANG_WARN_BLOCK_CAPTURE_AUTORELEASING = YES;
				CLANG_WARN_BOOL_CONVERSION = YES;
				CLANG_WARN_COMMA = YES;
				CLANG_WARN_CONSTANT_CONVERSION = YES;
				CLANG_WARN_DEPRECATED_OBJC_IMPLEMENTATIONS = YES;
				CLANG_WARN_DIRECT_OBJC_ISA_USAGE = YES_ERROR;
				CLANG_WARN_DOCUMENTATION_COMMENTS = YES;
				CLANG_WARN_EMPTY_BODY = YES;
				CLANG_WARN_ENUM_CONVERSION = YES;
				CLANG_WARN_INFINITE_RECURSION = YES;
				CLANG_WARN_INT_CONVERSION = YES;
				CLANG_WARN_NON_LITERAL_NULL_CONVERSION = YES;
				CLANG_WARN_OBJC_IMPLICIT_RETAIN_SELF = YES;
				CLANG_WARN_OBJC_LITERAL_CONVERSION = YES;
				CLANG_WARN_OBJC_ROOT_CLASS = YES_ERROR;
				CLANG_WARN_QUOTED_INCLUDE_IN_FRAMEWORK_HEADER = YES;
				CLANG_WARN_RANGE_LOOP_ANALYSIS = YES;
				CLANG_WARN_STRICT_PROTOTYPES = YES;
				CLANG_WARN_SUSPICIOUS_MOVE = YES;
				CLANG_WARN_UNGUARDED_AVAILABILITY = YES_AGGRESSIVE;
				CLANG_WARN_UNREACHABLE_CODE = YES;
				CLANG_WARN__DUPLICATE_METHOD_MATCH = YES;
				COPY_PHASE_STRIP = NO;
				DEBUG_INFORMATION_FORMAT = dwarf;
				ENABLE_STRICT_OBJC_MSGSEND = YES;
				ENABLE_TESTABILITY = YES;
				GCC_C_LANGUAGE_STANDARD = gnu11;
				GCC_DYNAMIC_NO_PIC = NO;
				GCC_NO_COMMON_BLOCKS = YES;
				GCC_OPTIMIZATION_LEVEL = 0;
				GCC_PREPROCESSOR_DEFINITIONS = (
					"DEBUG=1",
					"$(inherited)",
				);
				GCC_WARN_64_TO_32_BIT_CONVERSION = YES;
				GCC_WARN_ABOUT_RETURN_TYPE = YES_ERROR;
				GCC_WARN_UNDECLARED_SELECTOR = YES;
				GCC_WARN_UNINITIALIZED_AUTOS = YES_AGGRESSIVE;
				GCC_WARN_UNUSED_FUNCTION = YES;
				GCC_WARN_UNUSED_VARIABLE = YES;
				IPHONEOS_DEPLOYMENT_TARGET = 16.2;
				MTL_ENABLE_DEBUG_INFO = INCLUDE_SOURCE;
				MTL_FAST_MATH = YES;
				ONLY_ACTIVE_ARCH = YES;
				SDKROOT = iphoneos;
				SWIFT_ACTIVE_COMPILATION_CONDITIONS = DEBUG;
				SWIFT_OPTIMIZATION_LEVEL = "-Onone";
			};
			name = Debug;
		};
		5D39BDB329BA4E0200BC4C19 /* Release */ = {
			isa = XCBuildConfiguration;
			buildSettings = {
				ALWAYS_SEARCH_USER_PATHS = NO;
				CLANG_ANALYZER_NONNULL = YES;
				CLANG_ANALYZER_NUMBER_OBJECT_CONVERSION = YES_AGGRESSIVE;
				CLANG_CXX_LANGUAGE_STANDARD = "gnu++20";
				CLANG_ENABLE_MODULES = YES;
				CLANG_ENABLE_OBJC_ARC = YES;
				CLANG_ENABLE_OBJC_WEAK = YES;
				CLANG_WARN_BLOCK_CAPTURE_AUTORELEASING = YES;
				CLANG_WARN_BOOL_CONVERSION = YES;
				CLANG_WARN_COMMA = YES;
				CLANG_WARN_CONSTANT_CONVERSION = YES;
				CLANG_WARN_DEPRECATED_OBJC_IMPLEMENTATIONS = YES;
				CLANG_WARN_DIRECT_OBJC_ISA_USAGE = YES_ERROR;
				CLANG_WARN_DOCUMENTATION_COMMENTS = YES;
				CLANG_WARN_EMPTY_BODY = YES;
				CLANG_WARN_ENUM_CONVERSION = YES;
				CLANG_WARN_INFINITE_RECURSION = YES;
				CLANG_WARN_INT_CONVERSION = YES;
				CLANG_WARN_NON_LITERAL_NULL_CONVERSION = YES;
				CLANG_WARN_OBJC_IMPLICIT_RETAIN_SELF = YES;
				CLANG_WARN_OBJC_LITERAL_CONVERSION = YES;
				CLANG_WARN_OBJC_ROOT_CLASS = YES_ERROR;
				CLANG_WARN_QUOTED_INCLUDE_IN_FRAMEWORK_HEADER = YES;
				CLANG_WARN_RANGE_LOOP_ANALYSIS = YES;
				CLANG_WARN_STRICT_PROTOTYPES = YES;
				CLANG_WARN_SUSPICIOUS_MOVE = YES;
				CLANG_WARN_UNGUARDED_AVAILABILITY = YES_AGGRESSIVE;
				CLANG_WARN_UNREACHABLE_CODE = YES;
				CLANG_WARN__DUPLICATE_METHOD_MATCH = YES;
				COPY_PHASE_STRIP = NO;
				DEBUG_INFORMATION_FORMAT = "dwarf-with-dsym";
				ENABLE_NS_ASSERTIONS = NO;
				ENABLE_STRICT_OBJC_MSGSEND = YES;
				GCC_C_LANGUAGE_STANDARD = gnu11;
				GCC_NO_COMMON_BLOCKS = YES;
				GCC_WARN_64_TO_32_BIT_CONVERSION = YES;
				GCC_WARN_ABOUT_RETURN_TYPE = YES_ERROR;
				GCC_WARN_UNDECLARED_SELECTOR = YES;
				GCC_WARN_UNINITIALIZED_AUTOS = YES_AGGRESSIVE;
				GCC_WARN_UNUSED_FUNCTION = YES;
				GCC_WARN_UNUSED_VARIABLE = YES;
				IPHONEOS_DEPLOYMENT_TARGET = 16.2;
				MTL_ENABLE_DEBUG_INFO = NO;
				MTL_FAST_MATH = YES;
				SDKROOT = iphoneos;
				SWIFT_COMPILATION_MODE = wholemodule;
				SWIFT_OPTIMIZATION_LEVEL = "-O";
				VALIDATE_PRODUCT = YES;
			};
			name = Release;
		};
		5D39BDB529BA4E0200BC4C19 /* Debug */ = {
			isa = XCBuildConfiguration;
			buildSettings = {
				ASSETCATALOG_COMPILER_APPICON_NAME = AppIcon;
				ASSETCATALOG_COMPILER_GLOBAL_ACCENT_COLOR_NAME = AccentColor;
				CODE_SIGN_STYLE = Automatic;
				CURRENT_PROJECT_VERSION = 1;
				DEVELOPMENT_TEAM = CCD7NJ92C7;
				GENERATE_INFOPLIST_FILE = YES;
				INFOPLIST_FILE = ShopListKit/Info.plist;
				INFOPLIST_KEY_UIApplicationSupportsIndirectInputEvents = YES;
				INFOPLIST_KEY_UILaunchStoryboardName = "Launch Screen.storyboard";
				INFOPLIST_KEY_UISupportedInterfaceOrientations = "UIInterfaceOrientationLandscapeLeft UIInterfaceOrientationLandscapeRight UIInterfaceOrientationPortrait";
				INFOPLIST_KEY_UISupportedInterfaceOrientations_iPad = "UIInterfaceOrientationLandscapeLeft UIInterfaceOrientationLandscapeRight UIInterfaceOrientationPortrait UIInterfaceOrientationPortraitUpsideDown";
				IPHONEOS_DEPLOYMENT_TARGET = 15.0;
				LD_RUNPATH_SEARCH_PATHS = (
					"$(inherited)",
					"@executable_path/Frameworks",
				);
				MARKETING_VERSION = 1.0;
				PRODUCT_BUNDLE_IDENTIFIER = aivashchenko.ShopListKit;
				PRODUCT_NAME = "$(TARGET_NAME)";
				SUPPORTED_PLATFORMS = "iphoneos iphonesimulator";
				SUPPORTS_MACCATALYST = NO;
				SUPPORTS_MAC_DESIGNED_FOR_IPHONE_IPAD = NO;
				SWIFT_EMIT_LOC_STRINGS = YES;
				SWIFT_VERSION = 5.0;
				TARGETED_DEVICE_FAMILY = 1;
			};
			name = Debug;
		};
		5D39BDB629BA4E0200BC4C19 /* Release */ = {
			isa = XCBuildConfiguration;
			buildSettings = {
				ASSETCATALOG_COMPILER_APPICON_NAME = AppIcon;
				ASSETCATALOG_COMPILER_GLOBAL_ACCENT_COLOR_NAME = AccentColor;
				CODE_SIGN_STYLE = Automatic;
				CURRENT_PROJECT_VERSION = 1;
				DEVELOPMENT_TEAM = CCD7NJ92C7;
				GENERATE_INFOPLIST_FILE = YES;
				INFOPLIST_FILE = ShopListKit/Info.plist;
				INFOPLIST_KEY_UIApplicationSupportsIndirectInputEvents = YES;
				INFOPLIST_KEY_UILaunchStoryboardName = "Launch Screen.storyboard";
				INFOPLIST_KEY_UISupportedInterfaceOrientations = "UIInterfaceOrientationLandscapeLeft UIInterfaceOrientationLandscapeRight UIInterfaceOrientationPortrait";
				INFOPLIST_KEY_UISupportedInterfaceOrientations_iPad = "UIInterfaceOrientationLandscapeLeft UIInterfaceOrientationLandscapeRight UIInterfaceOrientationPortrait UIInterfaceOrientationPortraitUpsideDown";
				IPHONEOS_DEPLOYMENT_TARGET = 15.0;
				LD_RUNPATH_SEARCH_PATHS = (
					"$(inherited)",
					"@executable_path/Frameworks",
				);
				MARKETING_VERSION = 1.0;
				PRODUCT_BUNDLE_IDENTIFIER = aivashchenko.ShopListKit;
				PRODUCT_NAME = "$(TARGET_NAME)";
				SUPPORTED_PLATFORMS = "iphoneos iphonesimulator";
				SUPPORTS_MACCATALYST = NO;
				SUPPORTS_MAC_DESIGNED_FOR_IPHONE_IPAD = NO;
				SWIFT_EMIT_LOC_STRINGS = YES;
				SWIFT_VERSION = 5.0;
				TARGETED_DEVICE_FAMILY = 1;
			};
			name = Release;
		};
		5D9D99EA2A03C478009BEB4C /* Debug */ = {
			isa = XCBuildConfiguration;
			buildSettings = {
				BUNDLE_LOADER = "$(TEST_HOST)";
				CODE_SIGN_STYLE = Automatic;
				CURRENT_PROJECT_VERSION = 1;
				DEVELOPMENT_TEAM = CCD7NJ92C7;
				GENERATE_INFOPLIST_FILE = YES;
				IPHONEOS_DEPLOYMENT_TARGET = 16.4;
				MARKETING_VERSION = 1.0;
				PRODUCT_BUNDLE_IDENTIFIER = aivashchenko.ShopListKitTests;
				PRODUCT_NAME = "$(TARGET_NAME)";
				SWIFT_EMIT_LOC_STRINGS = NO;
				SWIFT_VERSION = 5.0;
				TARGETED_DEVICE_FAMILY = "1,2";
				TEST_HOST = "$(BUILT_PRODUCTS_DIR)/ShopListKit.app/$(BUNDLE_EXECUTABLE_FOLDER_PATH)/ShopListKit";
			};
			name = Debug;
		};
		5D9D99EB2A03C478009BEB4C /* Release */ = {
			isa = XCBuildConfiguration;
			buildSettings = {
				BUNDLE_LOADER = "$(TEST_HOST)";
				CODE_SIGN_STYLE = Automatic;
				CURRENT_PROJECT_VERSION = 1;
				DEVELOPMENT_TEAM = CCD7NJ92C7;
				GENERATE_INFOPLIST_FILE = YES;
				IPHONEOS_DEPLOYMENT_TARGET = 16.4;
				MARKETING_VERSION = 1.0;
				PRODUCT_BUNDLE_IDENTIFIER = aivashchenko.ShopListKitTests;
				PRODUCT_NAME = "$(TARGET_NAME)";
				SWIFT_EMIT_LOC_STRINGS = NO;
				SWIFT_VERSION = 5.0;
				TARGETED_DEVICE_FAMILY = "1,2";
				TEST_HOST = "$(BUILT_PRODUCTS_DIR)/ShopListKit.app/$(BUNDLE_EXECUTABLE_FOLDER_PATH)/ShopListKit";
			};
			name = Release;
		};
/* End XCBuildConfiguration section */

/* Begin XCConfigurationList section */
		5D0C8BD82A091309005B65A6 /* Build configuration list for PBXNativeTarget "ShopListKitUITests" */ = {
			isa = XCConfigurationList;
			buildConfigurations = (
				5D0C8BD62A091309005B65A6 /* Debug */,
				5D0C8BD72A091309005B65A6 /* Release */,
			);
			defaultConfigurationIsVisible = 0;
			defaultConfigurationName = Release;
		};
		5D39BD9B29BA4DFF00BC4C19 /* Build configuration list for PBXProject "ShopListKit" */ = {
			isa = XCConfigurationList;
			buildConfigurations = (
				5D39BDB229BA4E0200BC4C19 /* Debug */,
				5D39BDB329BA4E0200BC4C19 /* Release */,
			);
			defaultConfigurationIsVisible = 0;
			defaultConfigurationName = Release;
		};
		5D39BDB429BA4E0200BC4C19 /* Build configuration list for PBXNativeTarget "ShopListKit" */ = {
			isa = XCConfigurationList;
			buildConfigurations = (
				5D39BDB529BA4E0200BC4C19 /* Debug */,
				5D39BDB629BA4E0200BC4C19 /* Release */,
			);
			defaultConfigurationIsVisible = 0;
			defaultConfigurationName = Release;
		};
		5D9D99EC2A03C478009BEB4C /* Build configuration list for PBXNativeTarget "ShopListKitTests" */ = {
			isa = XCConfigurationList;
			buildConfigurations = (
				5D9D99EA2A03C478009BEB4C /* Debug */,
				5D9D99EB2A03C478009BEB4C /* Release */,
			);
			defaultConfigurationIsVisible = 0;
			defaultConfigurationName = Release;
		};
/* End XCConfigurationList section */
	};
	rootObject = 5D39BD9829BA4DFF00BC4C19 /* Project object */;
}
